
Microsoft Visual Studio Solution File, Format Version 12.00
# Visual Studio Version 17
VisualStudioVersion = 17.3.32819.101
MinimumVisualStudioVersion = 10.0.40219.1
Project("{9A19103F-16F7-4668-BE54-9A1E7A4F7556}") = "DailyProduction", "DailyProduction.csproj", "{55B2064B-B229-4EEF-9DC5-9002D3955E45}"
EndProject
Global
	GlobalSection(SolutionConfigurationPlatforms) = preSolution
		Debug|Any CPU = Debug|Any CPU
		Release|Any CPU = Release|Any CPU
	EndGlobalSection
	GlobalSection(ProjectConfigurationPlatforms) = postSolution
		{55B2064B-B229-4EEF-9DC5-9002D3955E45}.Debug|Any CPU.ActiveCfg = Debug|Any CPU
		{55B2064B-B229-4EEF-9DC5-9002D3955E45}.Debug|Any CPU.Build.0 = Debug|Any CPU
		{55B2064B-B229-4EEF-9DC5-9002D3955E45}.Release|Any CPU.ActiveCfg = Release|Any CPU
		{55B2064B-B229-4EEF-9DC5-9002D3955E45}.Release|Any CPU.Build.0 = Release|Any CPU
	EndGlobalSection
	GlobalSection(SolutionProperties) = preSolution
		HideSolutionNode = FALSE
	EndGlobalSection
	GlobalSection(ExtensibilityGlobals) = postSolution
		SolutionGuid = {A210A957-E6E1-4C46-AA1E-D70558429AA1}
	EndGlobalSection
EndGlobal
